
Microsoft Visual Studio Solution File, Format Version 12.00
# Visual Studio Version 17
VisualStudioVersion = 17.8.34316.72
MinimumVisualStudioVersion = 10.0.40219.1
Project("{9A19103F-16F7-4668-BE54-9A1E7A4F7556}") = "FeatureFlag", "FeatureFlag\FeatureFlag.csproj", "{E8E1D44B-932A-465D-BD2C-A0F852C69F40}"
EndProject
Project("{2150E333-8FDC-42A3-9474-1A3956D46DE8}") = "k8s", "k8s", "{91983289-2C76-4ABA-8860-8F9998F7C941}"
	ProjectSection(SolutionItems) = preProject
		k8s\featureflag-configmap.yaml = k8s\featureflag-configmap.yaml
		k8s\featureflag-deployment.yaml = k8s\featureflag-deployment.yaml
		k8s\featureflag-service.yaml = k8s\featureflag-service.yaml
	EndProjectSection
EndProject
Global
	GlobalSection(SolutionConfigurationPlatforms) = preSolution
		Debug|Any CPU = Debug|Any CPU
		Release|Any CPU = Release|Any CPU
	EndGlobalSection
	GlobalSection(ProjectConfigurationPlatforms) = postSolution
		{E8E1D44B-932A-465D-BD2C-A0F852C69F40}.Debug|Any CPU.ActiveCfg = Debug|Any CPU
		{E8E1D44B-932A-465D-BD2C-A0F852C69F40}.Debug|Any CPU.Build.0 = Debug|Any CPU
		{E8E1D44B-932A-465D-BD2C-A0F852C69F40}.Release|Any CPU.ActiveCfg = Release|Any CPU
		{E8E1D44B-932A-465D-BD2C-A0F852C69F40}.Release|Any CPU.Build.0 = Release|Any CPU
	EndGlobalSection
	GlobalSection(SolutionProperties) = preSolution
		HideSolutionNode = FALSE
	EndGlobalSection
EndGlobal
